
Microsoft Visual Studio Solution File, Format Version 12.00
# Visual Studio Version 17
VisualStudioVersion = 17.8.34330.188
MinimumVisualStudioVersion = 10.0.40219.1
Project("{FAE04EC0-301F-11D3-BF4B-00C04F79EFBC}") = "HAllo", "HAllo\HAllo.csproj", "{6AA1B608-73EB-43E3-A909-AF305CC471CA}"
EndProject
Global
	GlobalSection(SolutionConfigurationPlatforms) = preSolution
		Debug|Any CPU = Debug|Any CPU
		Release|Any CPU = Release|Any CPU
	EndGlobalSection
	GlobalSection(ProjectConfigurationPlatforms) = postSolution
		{6AA1B608-73EB-43E3-A909-AF305CC471CA}.Debug|Any CPU.ActiveCfg = Debug|Any CPU
		{6AA1B608-73EB-43E3-A909-AF305CC471CA}.Debug|Any CPU.Build.0 = Debug|Any CPU
		{6AA1B608-73EB-43E3-A909-AF305CC471CA}.Release|Any CPU.ActiveCfg = Release|Any CPU
		{6AA1B608-73EB-43E3-A909-AF305CC471CA}.Release|Any CPU.Build.0 = Release|Any CPU
	EndGlobalSection
	GlobalSection(SolutionProperties) = preSolution
		HideSolutionNode = FALSE
	EndGlobalSection
	GlobalSection(ExtensibilityGlobals) = postSolution
		SolutionGuid = {B847D3CA-D5D5-45A5-B007-5B3239FD0266}
	EndGlobalSection
EndGlobal
